
Microsoft Visual Studio Solution File, Format Version 12.00
# Visual Studio Version 17
VisualStudioVersion = 17.5.002.0
MinimumVisualStudioVersion = 10.0.40219.1
Project("{9A19103F-16F7-4668-BE54-9A1E7A4F7556}") = "mangareader", "mangareader.csproj", "{F7C8F328-DF31-464A-B852-75E252AA0DBD}"
EndProject
Global
	GlobalSection(SolutionConfigurationPlatforms) = preSolution
		Debug|Any CPU = Debug|Any CPU
		Release|Any CPU = Release|Any CPU
	EndGlobalSection
	GlobalSection(ProjectConfigurationPlatforms) = postSolution
		{F7C8F328-DF31-464A-B852-75E252AA0DBD}.Debug|Any CPU.ActiveCfg = Debug|Any CPU
		{F7C8F328-DF31-464A-B852-75E252AA0DBD}.Debug|Any CPU.Build.0 = Debug|Any CPU
		{F7C8F328-DF31-464A-B852-75E252AA0DBD}.Release|Any CPU.ActiveCfg = Release|Any CPU
		{F7C8F328-DF31-464A-B852-75E252AA0DBD}.Release|Any CPU.Build.0 = Release|Any CPU
	EndGlobalSection
	GlobalSection(SolutionProperties) = preSolution
		HideSolutionNode = FALSE
	EndGlobalSection
	GlobalSection(ExtensibilityGlobals) = postSolution
		SolutionGuid = {4599C7BA-857C-432F-9454-1250733C04C4}
	EndGlobalSection
EndGlobal
